
Microsoft Visual Studio Solution File, Format Version 12.00
# Visual Studio Express 2012 for Web
Project("{FAE04EC0-301F-11D3-BF4B-00C04F79EFBC}") = "objektleg", "objektleg\objektleg.csproj", "{5030F7D7-7C13-493E-95E6-761BE32C2C01}"
EndProject
Global
	GlobalSection(SolutionConfigurationPlatforms) = preSolution
		Release|Any CPU = Release|Any CPU
	EndGlobalSection
	GlobalSection(ProjectConfigurationPlatforms) = postSolution
		{5030F7D7-7C13-493E-95E6-761BE32C2C01}.Release|Any CPU.ActiveCfg = Release|Any CPU
		{5030F7D7-7C13-493E-95E6-761BE32C2C01}.Release|Any CPU.Build.0 = Release|Any CPU
	EndGlobalSection
	GlobalSection(SolutionProperties) = preSolution
		HideSolutionNode = FALSE
	EndGlobalSection
EndGlobal
